
Microsoft Visual Studio Solution File, Format Version 12.00
# Visual Studio 15
VisualStudioVersion = 15.0.28307.757
MinimumVisualStudioVersion = 10.0.40219.1
Project("{9A19103F-16F7-4668-BE54-9A1E7A4F7556}") = "DatingApp.API", "DatingApp.API\DatingApp.API.csproj", "{43BC616E-AA34-4930-A103-F84AE6A3DF3A}"
EndProject
Global
	GlobalSection(SolutionConfigurationPlatforms) = preSolution
		Debug|Any CPU = Debug|Any CPU
		Release|Any CPU = Release|Any CPU
	EndGlobalSection
	GlobalSection(ProjectConfigurationPlatforms) = postSolution
		{43BC616E-AA34-4930-A103-F84AE6A3DF3A}.Debug|Any CPU.ActiveCfg = Debug|Any CPU
		{43BC616E-AA34-4930-A103-F84AE6A3DF3A}.Debug|Any CPU.Build.0 = Debug|Any CPU
		{43BC616E-AA34-4930-A103-F84AE6A3DF3A}.Release|Any CPU.ActiveCfg = Release|Any CPU
		{43BC616E-AA34-4930-A103-F84AE6A3DF3A}.Release|Any CPU.Build.0 = Release|Any CPU
	EndGlobalSection
	GlobalSection(SolutionProperties) = preSolution
		HideSolutionNode = FALSE
	EndGlobalSection
	GlobalSection(ExtensibilityGlobals) = postSolution
		SolutionGuid = {D5ECB2BB-34D8-4867-A00F-E5A5244693DD}
	EndGlobalSection
EndGlobal
